
Microsoft Visual Studio Solution File, Format Version 12.00
# Visual Studio 15
VisualStudioVersion = 15.0.28010.2046
MinimumVisualStudioVersion = 10.0.40219.1
Project("{FAE04EC0-301F-11D3-BF4B-00C04F79EFBC}") = "LabClases2", "LabClases2\LabClases2.csproj", "{C9092C59-A411-4BDC-9828-F0986482DB0C}"
EndProject
Project("{FAE04EC0-301F-11D3-BF4B-00C04F79EFBC}") = "Clases", "Clases\Clases.csproj", "{8CFAA732-37F1-4260-B711-C766A7E44F36}"
EndProject
Global
	GlobalSection(SolutionConfigurationPlatforms) = preSolution
		Debug|Any CPU = Debug|Any CPU
		Release|Any CPU = Release|Any CPU
	EndGlobalSection
	GlobalSection(ProjectConfigurationPlatforms) = postSolution
		{C9092C59-A411-4BDC-9828-F0986482DB0C}.Debug|Any CPU.ActiveCfg = Debug|Any CPU
		{C9092C59-A411-4BDC-9828-F0986482DB0C}.Debug|Any CPU.Build.0 = Debug|Any CPU
		{C9092C59-A411-4BDC-9828-F0986482DB0C}.Release|Any CPU.ActiveCfg = Release|Any CPU
		{C9092C59-A411-4BDC-9828-F0986482DB0C}.Release|Any CPU.Build.0 = Release|Any CPU
		{8CFAA732-37F1-4260-B711-C766A7E44F36}.Debug|Any CPU.ActiveCfg = Debug|Any CPU
		{8CFAA732-37F1-4260-B711-C766A7E44F36}.Debug|Any CPU.Build.0 = Debug|Any CPU
		{8CFAA732-37F1-4260-B711-C766A7E44F36}.Release|Any CPU.ActiveCfg = Release|Any CPU
		{8CFAA732-37F1-4260-B711-C766A7E44F36}.Release|Any CPU.Build.0 = Release|Any CPU
	EndGlobalSection
	GlobalSection(SolutionProperties) = preSolution
		HideSolutionNode = FALSE
	EndGlobalSection
	GlobalSection(ExtensibilityGlobals) = postSolution
		SolutionGuid = {34C02E33-CD0E-4C28-B8F1-C2847A1A002F}
	EndGlobalSection
EndGlobal
