
Microsoft Visual Studio Solution File, Format Version 12.00
# Visual Studio 15
VisualStudioVersion = 15.0.28307.572
MinimumVisualStudioVersion = 10.0.40219.1
Project("{FAE04EC0-301F-11D3-BF4B-00C04F79EFBC}") = "Lab6", "Lab6\Lab6.csproj", "{7B32041A-05EE-41FB-9484-34A13625B213}"
EndProject
Global
	GlobalSection(SolutionConfigurationPlatforms) = preSolution
		Debug|Any CPU = Debug|Any CPU
		Release|Any CPU = Release|Any CPU
	EndGlobalSection
	GlobalSection(ProjectConfigurationPlatforms) = postSolution
		{7B32041A-05EE-41FB-9484-34A13625B213}.Debug|Any CPU.ActiveCfg = Debug|Any CPU
		{7B32041A-05EE-41FB-9484-34A13625B213}.Debug|Any CPU.Build.0 = Debug|Any CPU
		{7B32041A-05EE-41FB-9484-34A13625B213}.Release|Any CPU.ActiveCfg = Release|Any CPU
		{7B32041A-05EE-41FB-9484-34A13625B213}.Release|Any CPU.Build.0 = Release|Any CPU
	EndGlobalSection
	GlobalSection(SolutionProperties) = preSolution
		HideSolutionNode = FALSE
	EndGlobalSection
	GlobalSection(ExtensibilityGlobals) = postSolution
		SolutionGuid = {F38903C0-8883-41E4-A7A6-1EC6F8C04416}
	EndGlobalSection
EndGlobal
